
Microsoft Visual Studio Solution File, Format Version 12.00
# Visual Studio 2012
Project("{FAE04EC0-301F-11D3-BF4B-00C04F79EFBC}") = "RevitCurve", "RevitCurve\RevitCurve.csproj", "{1C669A4B-8E19-4CA8-BB4A-090C70E9C707}"
EndProject
Global
	GlobalSection(SolutionConfigurationPlatforms) = preSolution
		Debug|Any CPU = Debug|Any CPU
		Release|Any CPU = Release|Any CPU
	EndGlobalSection
	GlobalSection(ProjectConfigurationPlatforms) = postSolution
		{1C669A4B-8E19-4CA8-BB4A-090C70E9C707}.Debug|Any CPU.ActiveCfg = Debug|Any CPU
		{1C669A4B-8E19-4CA8-BB4A-090C70E9C707}.Debug|Any CPU.Build.0 = Debug|Any CPU
		{1C669A4B-8E19-4CA8-BB4A-090C70E9C707}.Release|Any CPU.ActiveCfg = Release|Any CPU
		{1C669A4B-8E19-4CA8-BB4A-090C70E9C707}.Release|Any CPU.Build.0 = Release|Any CPU
	EndGlobalSection
	GlobalSection(SolutionProperties) = preSolution
		HideSolutionNode = FALSE
	EndGlobalSection
EndGlobal
